PODS:
  - AFNetworking (3.2.1):
    - AFNetworking/NSURLSession (= 3.2.1)
    - AFNetworking/Reachability (= 3.2.1)
    - AFNetworking/Security (= 3.2.1)
    - AFNetworking/Serialization (= 3.2.1)
    - AFNetworking/UIKit (= 3.2.1)
  - AFNetworking/NSURLSession (3.2.1):
    - AFNetworking/Reachability
    - AFNetworking/Security
    - AFNetworking/Serialization
  - AFNetworking/Reachability (3.2.1)
  - AFNetworking/Security (3.2.1)
  - AFNetworking/Serialization (3.2.1)
  - AFNetworking/UIKit (3.2.1):
    - AFNetworking/NSURLSession
  - CocoaLumberjack (3.4.2):
    - CocoaLumberjack/Default (= 3.4.2)
    - CocoaLumberjack/Extensions (= 3.4.2)
  - CocoaLumberjack/Default (3.4.2)
  - CocoaLumberjack/Extensions (3.4.2):
    - CocoaLumberjack/Default
  - DZNEmptyDataSet (1.8.1)
  - IQKeyboardManager (6.1.1)
  - MJExtension (3.0.15.1)
  - MJRefresh (3.1.15.3)
  - Reachability (3.2)
  - SDWebImage (4.4.2):
    - SDWebImage/Core (= 4.4.2)
  - SDWebImage/Core (4.4.2)
  - TZImagePickerController (3.2.7)
  - YYKit (1.0.9):
    - YYKit/no-arc (= 1.0.9)
  - YYKit/no-arc (1.0.9)

DEPENDENCIES:
  - AFNetworking
  - CocoaLumberjack
  - DZNEmptyDataSet
  - IQKeyboardManager
  - MJExtension
  - MJRefresh
  - Reachability
  - SDWebImage
  - TZImagePickerController
  - YYKit

SPEC REPOS:
  https://github.com/CocoaPods/Specs.git:
    - AFNetworking
    - CocoaLumberjack
    - DZNEmptyDataSet
    - IQKeyboardManager
    - MJExtension
    - MJRefresh
    - Reachability
    - SDWebImage
  trunk:
    - TZImagePickerController
    - YYKit

SPEC CHECKSUMS:
  AFNetworking: b6f891fdfaed196b46c7a83cf209e09697b94057
  CocoaLumberjack: db7cc9e464771f12054c22ff6947c5a58d43a0fd
  DZNEmptyDataSet: 9525833b9e68ac21c30253e1d3d7076cc828eaa7
  IQKeyboardManager: 79c57795f5c2408d259d37b9da2ed07efcbb5225
  MJExtension: 19bc33ce2eee2d319760f5622562cf581a6ff756
  MJRefresh: b48380ae2b927b46c4ef000de9adb8dc748e1df7
  Reachability: 33e18b67625424e47b6cde6d202dce689ad7af96
  SDWebImage: 624d6e296c69b244bcede364c72ae0430ac14681
  TZImagePickerController: 821b81f83594a736e831a018f2a2ce31822ddf0b
  YYKit: 7cda43304a8dc3696c449041e2cb3107b4e236e7

PODFILE CHECKSUM: e81fc2e99e11dde596c8dad6551576edc068f406

COCOAPODS: 1.8.3
